
Microsoft Visual Studio Solution File, Format Version 12.00
# Visual Studio Version 16
VisualStudioVersion = 16.0.28922.388
MinimumVisualStudioVersion = 10.0.40219.1
Project("{FAE04EC0-301F-11D3-BF4B-00C04F79EFBC}") = "Vidly", "Vidly\Vidly.csproj", "{754867BF-E5D4-445A-A42B-4410D2E87B4D}"
EndProject
Global
	GlobalSection(SolutionConfigurationPlatforms) = preSolution
		Debug|Any CPU = Debug|Any CPU
		Release|Any CPU = Release|Any CPU
	EndGlobalSection
	GlobalSection(ProjectConfigurationPlatforms) = postSolution
		{754867BF-E5D4-445A-A42B-4410D2E87B4D}.Debug|Any CPU.ActiveCfg = Debug|Any CPU
		{754867BF-E5D4-445A-A42B-4410D2E87B4D}.Debug|Any CPU.Build.0 = Debug|Any CPU
		{754867BF-E5D4-445A-A42B-4410D2E87B4D}.Release|Any CPU.ActiveCfg = Release|Any CPU
		{754867BF-E5D4-445A-A42B-4410D2E87B4D}.Release|Any CPU.Build.0 = Release|Any CPU
	EndGlobalSection
	GlobalSection(SolutionProperties) = preSolution
		HideSolutionNode = FALSE
	EndGlobalSection
	GlobalSection(ExtensibilityGlobals) = postSolution
		SolutionGuid = {7FACFB22-6168-4A19-A9CD-66AC5D6B2CCE}
	EndGlobalSection
EndGlobal
